
Microsoft Visual Studio Solution File, Format Version 12.00
# Visual Studio Version 17
VisualStudioVersion = 17.8.34408.163
MinimumVisualStudioVersion = 10.0.40219.1
Project("{FAE04EC0-301F-11D3-BF4B-00C04F79EFBC}") = "Mission11_Sentz", "Mission11_Sentz\Mission11_Sentz.csproj", "{FADE344A-F3D2-4E94-B705-EF155F6F1190}"
EndProject
Global
	GlobalSection(SolutionConfigurationPlatforms) = preSolution
		Debug|Any CPU = Debug|Any CPU
		Release|Any CPU = Release|Any CPU
	EndGlobalSection
	GlobalSection(ProjectConfigurationPlatforms) = postSolution
		{FADE344A-F3D2-4E94-B705-EF155F6F1190}.Debug|Any CPU.ActiveCfg = Debug|Any CPU
		{FADE344A-F3D2-4E94-B705-EF155F6F1190}.Debug|Any CPU.Build.0 = Debug|Any CPU
		{FADE344A-F3D2-4E94-B705-EF155F6F1190}.Release|Any CPU.ActiveCfg = Release|Any CPU
		{FADE344A-F3D2-4E94-B705-EF155F6F1190}.Release|Any CPU.Build.0 = Release|Any CPU
	EndGlobalSection
	GlobalSection(SolutionProperties) = preSolution
		HideSolutionNode = FALSE
	EndGlobalSection
	GlobalSection(ExtensibilityGlobals) = postSolution
		SolutionGuid = {94C94CD9-707D-4956-9D61-5407CEB4C678}
	EndGlobalSection
EndGlobal
